
Microsoft Visual Studio Solution File, Format Version 12.00
# Visual Studio Version 16
VisualStudioVersion = 16.0.30413.136
MinimumVisualStudioVersion = 10.0.40219.1
Project("{FAE04EC0-301F-11D3-BF4B-00C04F79EFBC}") = "xLiAd.Limiter.Abstractions", "xLiAd.Limiter.Abstractions\xLiAd.Limiter.Abstractions.csproj", "{2F7BDF14-481C-44CD-88BA-A0018B27705B}"
EndProject
Global
	GlobalSection(SolutionConfigurationPlatforms) = preSolution
		Debug|Any CPU = Debug|Any CPU
		Release|Any CPU = Release|Any CPU
	EndGlobalSection
	GlobalSection(ProjectConfigurationPlatforms) = postSolution
		{2F7BDF14-481C-44CD-88BA-A0018B27705B}.Debug|Any CPU.ActiveCfg = Debug|Any CPU
		{2F7BDF14-481C-44CD-88BA-A0018B27705B}.Debug|Any CPU.Build.0 = Debug|Any CPU
		{2F7BDF14-481C-44CD-88BA-A0018B27705B}.Release|Any CPU.ActiveCfg = Release|Any CPU
		{2F7BDF14-481C-44CD-88BA-A0018B27705B}.Release|Any CPU.Build.0 = Release|Any CPU
	EndGlobalSection
	GlobalSection(SolutionProperties) = preSolution
		HideSolutionNode = FALSE
	EndGlobalSection
	GlobalSection(ExtensibilityGlobals) = postSolution
		SolutionGuid = {2A4902F8-25CC-48AA-8076-6FD9C7B18593}
	EndGlobalSection
EndGlobal
